
Microsoft Visual Studio Solution File, Format Version 12.00
# Visual Studio Version 17
VisualStudioVersion = 17.10.35027.167
MinimumVisualStudioVersion = 10.0.40219.1
Project("{FAE04EC0-301F-11D3-BF4B-00C04F79EFBC}") = "MenuVisualizer", "MenuVisualizer.csproj", "{9FFC3038-94DE-4EB5-8BC2-D93E12BE1CD4}"
EndProject
Global
	GlobalSection(SolutionConfigurationPlatforms) = preSolution
		Debug|Any CPU = Debug|Any CPU
		Release|Any CPU = Release|Any CPU
	EndGlobalSection
	GlobalSection(ProjectConfigurationPlatforms) = postSolution
		{9FFC3038-94DE-4EB5-8BC2-D93E12BE1CD4}.Debug|Any CPU.ActiveCfg = Debug|Any CPU
		{9FFC3038-94DE-4EB5-8BC2-D93E12BE1CD4}.Debug|Any CPU.Build.0 = Debug|Any CPU
		{9FFC3038-94DE-4EB5-8BC2-D93E12BE1CD4}.Release|Any CPU.ActiveCfg = Release|Any CPU
		{9FFC3038-94DE-4EB5-8BC2-D93E12BE1CD4}.Release|Any CPU.Build.0 = Release|Any CPU
	EndGlobalSection
	GlobalSection(SolutionProperties) = preSolution
		HideSolutionNode = FALSE
	EndGlobalSection
	GlobalSection(ExtensibilityGlobals) = postSolution
		SolutionGuid = {4B4D6C82-7048-4E3D-82F3-AC6118DD06DD}
	EndGlobalSection
EndGlobal
